
Microsoft Visual Studio Solution File, Format Version 12.00
# Visual Studio 15
VisualStudioVersion = 15.0.28307.136
MinimumVisualStudioVersion = 10.0.40219.1
Project("{FAE04EC0-301F-11D3-BF4B-00C04F79EFBC}") = "RestClientConsoleApp", "RestClientConsoleApp\RestClientConsoleApp.csproj", "{EC2717C8-691B-4BA1-BF47-B70333FA4ABF}"
EndProject
Global
	GlobalSection(SolutionConfigurationPlatforms) = preSolution
		Debug|Any CPU = Debug|Any CPU
		Release|Any CPU = Release|Any CPU
	EndGlobalSection
	GlobalSection(ProjectConfigurationPlatforms) = postSolution
		{EC2717C8-691B-4BA1-BF47-B70333FA4ABF}.Debug|Any CPU.ActiveCfg = Debug|Any CPU
		{EC2717C8-691B-4BA1-BF47-B70333FA4ABF}.Debug|Any CPU.Build.0 = Debug|Any CPU
		{EC2717C8-691B-4BA1-BF47-B70333FA4ABF}.Release|Any CPU.ActiveCfg = Release|Any CPU
		{EC2717C8-691B-4BA1-BF47-B70333FA4ABF}.Release|Any CPU.Build.0 = Release|Any CPU
	EndGlobalSection
	GlobalSection(SolutionProperties) = preSolution
		HideSolutionNode = FALSE
	EndGlobalSection
	GlobalSection(ExtensibilityGlobals) = postSolution
		SolutionGuid = {639FCC8B-A04D-4F29-925E-0A2D9F38EE61}
	EndGlobalSection
EndGlobal
